{
  "version": 4,
  "terraform_version": "1.4.4",
  "serial": 327,
  "lineage": "d24507d5-5fbd-599c-6f49-30b3f5cc7d8b",
  "outputs": {
    "cluster_url": {
      "value": "https://95a685f9-bf26-4210-add6-fc37cd54d6f5.api.k8s.fr-par.scw.cloud:6443",
      "type": "string"
    },
    "scaleway_lb_ip": {
      "value": "51.158.56.40",
      "type": "string"
    }
  },
  "resources": [
    {
      "mode": "managed",
      "type": "helm_release",
      "name": "nginx_ingress",
      "provider": "provider[\"registry.terraform.io/hashicorp/helm\"]",
      "instances": [
        {
          "schema_version": 1,
          "attributes": {
            "atomic": false,
            "chart": "ingress-nginx",
            "cleanup_on_fail": false,
            "create_namespace": false,
            "dependency_update": false,
            "description": null,
            "devel": null,
            "disable_crd_hooks": false,
            "disable_openapi_validation": false,
            "disable_webhooks": false,
            "force_update": false,
            "id": "nginx-ingress",
            "keyring": null,
            "lint": false,
            "manifest": null,
            "max_history": 0,
            "metadata": [
              {
                "app_version": "1.7.0",
                "chart": "ingress-nginx",
                "name": "nginx-ingress",
                "namespace": "kube-system",
                "revision": 2,
                "values": "{\"controller\":{\"service\":{\"annotations\":{\"service.beta.kubernetes.io/scw-loadbalancer-zone\":\"fr-par-1\"},\"externalTrafficPolicy\":\"Local\",\"loadBalancerIP\":\"51.158.56.40\"}}}",
                "version": "4.6.0"
              }
            ],
            "name": "nginx-ingress",
            "namespace": "kube-system",
            "pass_credentials": false,
            "postrender": [],
            "recreate_pods": false,
            "render_subchart_notes": true,
            "replace": false,
            "repository": "https://kubernetes.github.io/ingress-nginx",
            "repository_ca_file": null,
            "repository_cert_file": null,
            "repository_key_file": null,
            "repository_password": null,
            "repository_username": null,
            "reset_values": false,
            "reuse_values": false,
            "set": [
              {
                "name": "controller.service.annotations.service\\.beta\\.kubernetes\\.io/scw-loadbalancer-zone",
                "type": "",
                "value": "fr-par-1"
              },
              {
                "name": "controller.service.externalTrafficPolicy",
                "type": "",
                "value": "Local"
              },
              {
                "name": "controller.service.loadBalancerIP",
                "type": "",
                "value": "51.158.56.40"
              }
            ],
            "set_sensitive": [],
            "skip_crds": false,
            "status": "deployed",
            "timeout": 300,
            "values": null,
            "verify": false,
            "version": "4.6.0",
            "wait": true,
            "wait_for_jobs": false
          },
          "sensitive_attributes": [],
          "private": "eyJzY2hlbWFfdmVyc2lvbiI6IjEifQ==",
          "dependencies": [
            "kubernetes_service.free-lb",
            "null_resource.kubeconfig",
            "scaleway_k8s_cluster.free-test-cluster",
            "scaleway_k8s_pool.test-pool"
          ]
        }
      ]
    },
    {
      "mode": "managed",
      "type": "kubernetes_deployment",
      "name": "hello-world",
      "provider": "provider[\"registry.terraform.io/hashicorp/kubernetes\"]",
      "instances": [
        {
          "schema_version": 1,
          "attributes": {
            "id": "default/hello-world",
            "metadata": [
              {
                "annotations": null,
                "generate_name": "",
                "generation": 1,
                "labels": {
                  "App": "hello-world"
                },
                "name": "hello-world",
                "namespace": "default",
                "resource_version": "2611331039",
                "uid": "2d33a9d9-8dfc-4c7b-a95a-3d6f4c06cbd5"
              }
            ],
            "spec": [
              {
                "min_ready_seconds": 0,
                "paused": false,
                "progress_deadline_seconds": 600,
                "replicas": "1",
                "revision_history_limit": 10,
                "selector": [
                  {
                    "match_expressions": [],
                    "match_labels": {
                      "app": "run-app"
                    }
                  }
                ],
                "strategy": [
                  {
                    "rolling_update": [
                      {
                        "max_surge": "25%",
                        "max_unavailable": "25%"
                      }
                    ],
                    "type": "RollingUpdate"
                  }
                ],
                "template": [
                  {
                    "metadata": [
                      {
                        "annotations": null,
                        "generate_name": "",
                        "generation": 0,
                        "labels": {
                          "app": "run-app"
                        },
                        "name": "",
                        "namespace": "",
                        "resource_version": "",
                        "uid": ""
                      }
                    ],
                    "spec": [
                      {
                        "active_deadline_seconds": 0,
                        "affinity": [],
                        "automount_service_account_token": true,
                        "container": [
                          {
                            "args": null,
                            "command": null,
                            "env": [],
                            "env_from": [],
                            "image": "docker.io/strm/helloworld-http:latest",
                            "image_pull_policy": "Always",
                            "lifecycle": [],
                            "liveness_probe": [],
                            "name": "hello-world",
                            "port": [
                              {
                                "container_port": 80,
                                "host_ip": "",
                                "host_port": 0,
                                "name": "",
                                "protocol": "TCP"
                              }
                            ],
                            "readiness_probe": [],
                            "resources": [
                              {
                                "limits": {
                                  "cpu": "2",
                                  "memory": "256Mi"
                                },
                                "requests": {
                                  "cpu": "16m",
                                  "memory": "50Mi"
                                }
                              }
                            ],
                            "security_context": [],
                            "startup_probe": [],
                            "stdin": false,
                            "stdin_once": false,
                            "termination_message_path": "/dev/termination-log",
                            "termination_message_policy": "File",
                            "tty": false,
                            "volume_mount": [],
                            "working_dir": ""
                          }
                        ],
                        "dns_config": [],
                        "dns_policy": "ClusterFirst",
                        "enable_service_links": true,
                        "host_aliases": [],
                        "host_ipc": false,
                        "host_network": false,
                        "host_pid": false,
                        "hostname": "",
                        "image_pull_secrets": [],
                        "init_container": [],
                        "node_name": "",
                        "node_selector": null,
                        "priority_class_name": "",
                        "readiness_gate": [],
                        "restart_policy": "Always",
                        "runtime_class_name": "",
                        "scheduler_name": "default-scheduler",
                        "security_context": [],
                        "service_account_name": "",
                        "share_process_namespace": false,
                        "subdomain": "",
                        "termination_grace_period_seconds": 30,
                        "toleration": [],
                        "topology_spread_constraint": [],
                        "volume": []
                      }
                    ]
                  }
                ]
              }
            ],
            "timeouts": null,
            "wait_for_rollout": true
          },
          "sensitive_attributes": [],
          "private": "eyJlMmJmYjczMC1lY2FhLTExZTYtOGY4OC0zNDM2M2JjN2M0YzAiOnsiY3JlYXRlIjo2MDAwMDAwMDAwMDAsImRlbGV0ZSI6NjAwMDAwMDAwMDAwLCJ1cGRhdGUiOjYwMDAwMDAwMDAwMH0sInNjaGVtYV92ZXJzaW9uIjoiMSJ9",
          "dependencies": [
            "null_resource.kubeconfig",
            "scaleway_k8s_cluster.free-test-cluster"
          ]
        }
      ]
    },
    {
      "mode": "managed",
      "type": "kubernetes_service",
      "name": "free-lb",
      "provider": "provider[\"registry.terraform.io/hashicorp/kubernetes\"]",
      "instances": [
        {
          "schema_version": 1,
          "attributes": {
            "id": "default/free-lb",
            "metadata": [
              {
                "annotations": {},
                "generate_name": "",
                "generation": 0,
                "labels": {
                  "app": "run-app"
                },
                "name": "free-lb",
                "namespace": "default",
                "resource_version": "2611330487",
                "uid": "11c095d2-fa74-4af8-a555-e6ecddd2d4a1"
              }
            ],
            "spec": [
              {
                "allocate_load_balancer_node_ports": true,
                "cluster_ip": "10.32.73.53",
                "cluster_ips": [
                  "10.32.73.53"
                ],
                "external_ips": [],
                "external_name": "",
                "external_traffic_policy": "Cluster",
                "health_check_node_port": 0,
                "internal_traffic_policy": "Cluster",
                "ip_families": [
                  "IPv4"
                ],
                "ip_family_policy": "SingleStack",
                "load_balancer_class": "",
                "load_balancer_ip": "",
                "load_balancer_source_ranges": [],
                "port": [
                  {
                    "app_protocol": "",
                    "name": "",
                    "node_port": 32738,
                    "port": 80,
                    "protocol": "TCP",
                    "target_port": "80"
                  }
                ],
                "publish_not_ready_addresses": false,
                "selector": {
                  "app": "run-app"
                },
                "session_affinity": "None",
                "session_affinity_config": [],
                "type": "LoadBalancer"
              }
            ],
            "status": [
              {
                "load_balancer": [
                  {
                    "ingress": [
                      {
                        "hostname": "",
                        "ip": "51.158.56.40"
                      }
                    ]
                  }
                ]
              }
            ],
            "timeouts": null,
            "wait_for_load_balancer": true
          },
          "sensitive_attributes": [],
          "private": "eyJlMmJmYjczMC1lY2FhLTExZTYtOGY4OC0zNDM2M2JjN2M0YzAiOnsiY3JlYXRlIjo2MDAwMDAwMDAwMDB9LCJzY2hlbWFfdmVyc2lvbiI6IjEifQ==",
          "dependencies": [
            "null_resource.kubeconfig",
            "scaleway_k8s_cluster.free-test-cluster"
          ]
        }
      ]
    },
    {
      "mode": "managed",
      "type": "null_resource",
      "name": "kubeconfig",
      "provider": "provider[\"registry.terraform.io/hashicorp/null\"]",
      "instances": [
        {
          "schema_version": 0,
          "attributes": {
            "id": "7405659679016426161",
            "triggers": {
              "cluster_ca_certificate": "LS0tLS1CRUdJTiBDRVJUSUZJQ0FURS0tLS0tCk1JSUM1ekNDQWMrZ0F3SUJBZ0lCQURBTkJna3Foa2lHOXcwQkFRc0ZBREFWTVJNd0VRWURWUVFERXdwcmRXSmwKY201bGRHVnpNQjRYRFRJek1EUXhNVEF3TXpZeE1sb1hEVE16TURReE1UQXdNell4TWxvd0ZURVRNQkVHQTFVRQpBeE1LYTNWaVpYSnVaWFJsY3pDQ0FTSXdEUVlKS29aSWh2Y05BUUVCQlFBRGdnRVBBRENDQVFvQ2dnRUJBTi9nCi9UdGJqbFNUbnJFaWpmSWhmM3VWLy9CTGVFbDFFUFEzUWsxb1ZsUFkzZ2VmS1BxbnFMWVg3Q3l2U1UraVQ0QnIKUlFEMFZSUDJXVnBkY3lPZzBWZkY4bi9BSVcvajZDb096OTdIN05NdTJUN1h5OS8xU0xHMWZrM0IxR0hsVXpWSgpRWlBwNmcxVkVId1hCM2J1VzBxMFFudTJydlREeTQ4UEIyRnBvSy9ZRGgvMFhpZWkvK3luVEZoUmMwN2pvWGRUCkNTQ0Y5RkppdnpQV2Nmb3JHSTdXbTA5a3A1QUxrM0hVb1djaDU1UkdpM01zNExzZEx5U1EyaFZUVEUyNzVBRmMKdkx0MDhnSHB5eVVTQmdlcE1MdkxYc3dwVjgvQTQxMDdiem9QWnZtR2hod1psWWs1TFdVOUIrWDZrSEpEditHRgpzOUN6WXB2eUVRa1BwUStyemdFQ0F3RUFBYU5DTUVBd0RnWURWUjBQQVFIL0JBUURBZ0trTUE4R0ExVWRFd0VCCi93UUZNQU1CQWY4d0hRWURWUjBPQkJZRUZQTW0yZWtZcktZekoxUWpCVVhtcXhSRG5WNU1NQTBHQ1NxR1NJYjMKRFFFQkN3VUFBNElCQVFCRFYzZzBIbzNjeWFaY1FUVnZGQ0ZTQW1XKzM2OXA2LzQ1bkljUDk2VG9tSmtrT1dPUwpDSytBd1d0VlNlbmpTVHdOWm9EZzVZTkNRbXRGS2RPQ2hTRktENDFrb0lWMGRaelcrdXZ3ci9Kb3RVclV0SjdZCnJJSlE1MlhkWU1ybnFsM1Z6WWE4NEVMNjk2Q1hDd1NIMGNhTWh3MTV0bGlKdUY2cjR0Mk9mSGZKMWo1T0FhTWoKUkp1K1hKZDI3YjhBVzBqQnlveDFScWE0MzFyVWkrZHlpbktyR1RKcE9sT0xTOEhtSDlzSXl0SnZGRzRFdDlIMgpVZWlhMHlzdTFHL0xrWFA5ZUFGcW5sTlZrVnk1OStEem04SGhIaEF6YnQzUHZ4bHhybDgzUTdueEtZY00wdTNHCkN6M01TcWx6WkplaHBZWEtyZVdVcDlaazFZc2c5eStjV0pNSQotLS0tLUVORCBDRVJUSUZJQ0FURS0tLS0tCg==",
              "host": "https://95a685f9-bf26-4210-add6-fc37cd54d6f5.api.k8s.fr-par.scw.cloud:6443",
              "token": "lks78ckqgvix6PQXkFxTgMrrUHuf1rREgXEEBl2iH6su4uPOtZwYd8GI"
            }
          },
          "sensitive_attributes": [
            [
              {
                "type": "get_attr",
                "value": "triggers"
              },
              {
                "type": "index",
                "value": {
                  "value": "cluster_ca_certificate",
                  "type": "string"
                }
              }
            ],
            [
              {
                "type": "get_attr",
                "value": "triggers"
              },
              {
                "type": "index",
                "value": {
                  "value": "host",
                  "type": "string"
                }
              }
            ],
            [
              {
                "type": "get_attr",
                "value": "triggers"
              },
              {
                "type": "index",
                "value": {
                  "value": "token",
                  "type": "string"
                }
              }
            ]
          ],
          "dependencies": [
            "scaleway_k8s_cluster.free-test-cluster",
            "scaleway_k8s_pool.test-pool"
          ]
        }
      ]
    },
    {
      "mode": "managed",
      "type": "scaleway_k8s_cluster",
      "name": "free-test-cluster",
      "provider": "provider[\"registry.terraform.io/scaleway/scaleway\"]",
      "instances": [
        {
          "schema_version": 0,
          "attributes": {
            "admission_plugins": [],
            "apiserver_cert_sans": [],
            "apiserver_url": "https://95a685f9-bf26-4210-add6-fc37cd54d6f5.api.k8s.fr-par.scw.cloud:6443",
            "auto_upgrade": [
              {
                "enable": false,
                "maintenance_window_day": "any",
                "maintenance_window_start_hour": 0
              }
            ],
            "autoscaler_config": [
              {
                "balance_similar_node_groups": false,
                "disable_scale_down": false,
                "estimator": "binpacking",
                "expander": "random",
                "expendable_pods_priority_cutoff": 0,
                "ignore_daemonsets_utilization": false,
                "max_graceful_termination_sec": 0,
                "scale_down_delay_after_add": "10m",
                "scale_down_unneeded_time": "10m",
                "scale_down_utilization_threshold": 0.5
              }
            ],
            "cni": "flannel",
            "created_at": "2023-04-12T00:36:11Z",
            "delete_additional_resources": false,
            "description": "",
            "feature_gates": [],
            "id": "fr-par/95a685f9-bf26-4210-add6-fc37cd54d6f5",
            "kubeconfig": [
              {
                "cluster_ca_certificate": "LS0tLS1CRUdJTiBDRVJUSUZJQ0FURS0tLS0tCk1JSUM1ekNDQWMrZ0F3SUJBZ0lCQURBTkJna3Foa2lHOXcwQkFRc0ZBREFWTVJNd0VRWURWUVFERXdwcmRXSmwKY201bGRHVnpNQjRYRFRJek1EUXhNVEF3TXpZeE1sb1hEVE16TURReE1UQXdNell4TWxvd0ZURVRNQkVHQTFVRQpBeE1LYTNWaVpYSnVaWFJsY3pDQ0FTSXdEUVlKS29aSWh2Y05BUUVCQlFBRGdnRVBBRENDQVFvQ2dnRUJBTi9nCi9UdGJqbFNUbnJFaWpmSWhmM3VWLy9CTGVFbDFFUFEzUWsxb1ZsUFkzZ2VmS1BxbnFMWVg3Q3l2U1UraVQ0QnIKUlFEMFZSUDJXVnBkY3lPZzBWZkY4bi9BSVcvajZDb096OTdIN05NdTJUN1h5OS8xU0xHMWZrM0IxR0hsVXpWSgpRWlBwNmcxVkVId1hCM2J1VzBxMFFudTJydlREeTQ4UEIyRnBvSy9ZRGgvMFhpZWkvK3luVEZoUmMwN2pvWGRUCkNTQ0Y5RkppdnpQV2Nmb3JHSTdXbTA5a3A1QUxrM0hVb1djaDU1UkdpM01zNExzZEx5U1EyaFZUVEUyNzVBRmMKdkx0MDhnSHB5eVVTQmdlcE1MdkxYc3dwVjgvQTQxMDdiem9QWnZtR2hod1psWWs1TFdVOUIrWDZrSEpEditHRgpzOUN6WXB2eUVRa1BwUStyemdFQ0F3RUFBYU5DTUVBd0RnWURWUjBQQVFIL0JBUURBZ0trTUE4R0ExVWRFd0VCCi93UUZNQU1CQWY4d0hRWURWUjBPQkJZRUZQTW0yZWtZcktZekoxUWpCVVhtcXhSRG5WNU1NQTBHQ1NxR1NJYjMKRFFFQkN3VUFBNElCQVFCRFYzZzBIbzNjeWFaY1FUVnZGQ0ZTQW1XKzM2OXA2LzQ1bkljUDk2VG9tSmtrT1dPUwpDSytBd1d0VlNlbmpTVHdOWm9EZzVZTkNRbXRGS2RPQ2hTRktENDFrb0lWMGRaelcrdXZ3ci9Kb3RVclV0SjdZCnJJSlE1MlhkWU1ybnFsM1Z6WWE4NEVMNjk2Q1hDd1NIMGNhTWh3MTV0bGlKdUY2cjR0Mk9mSGZKMWo1T0FhTWoKUkp1K1hKZDI3YjhBVzBqQnlveDFScWE0MzFyVWkrZHlpbktyR1RKcE9sT0xTOEhtSDlzSXl0SnZGRzRFdDlIMgpVZWlhMHlzdTFHL0xrWFA5ZUFGcW5sTlZrVnk1OStEem04SGhIaEF6YnQzUHZ4bHhybDgzUTdueEtZY00wdTNHCkN6M01TcWx6WkplaHBZWEtyZVdVcDlaazFZc2c5eStjV0pNSQotLS0tLUVORCBDRVJUSUZJQ0FURS0tLS0tCg==",
                "config_file": "apiVersion: v1\nclusters:\n- name: \"test-cluster\"\n  cluster:\n    certificate-authority-data: LS0tLS1CRUdJTiBDRVJUSUZJQ0FURS0tLS0tCk1JSUM1ekNDQWMrZ0F3SUJBZ0lCQURBTkJna3Foa2lHOXcwQkFRc0ZBREFWTVJNd0VRWURWUVFERXdwcmRXSmwKY201bGRHVnpNQjRYRFRJek1EUXhNVEF3TXpZeE1sb1hEVE16TURReE1UQXdNell4TWxvd0ZURVRNQkVHQTFVRQpBeE1LYTNWaVpYSnVaWFJsY3pDQ0FTSXdEUVlKS29aSWh2Y05BUUVCQlFBRGdnRVBBRENDQVFvQ2dnRUJBTi9nCi9UdGJqbFNUbnJFaWpmSWhmM3VWLy9CTGVFbDFFUFEzUWsxb1ZsUFkzZ2VmS1BxbnFMWVg3Q3l2U1UraVQ0QnIKUlFEMFZSUDJXVnBkY3lPZzBWZkY4bi9BSVcvajZDb096OTdIN05NdTJUN1h5OS8xU0xHMWZrM0IxR0hsVXpWSgpRWlBwNmcxVkVId1hCM2J1VzBxMFFudTJydlREeTQ4UEIyRnBvSy9ZRGgvMFhpZWkvK3luVEZoUmMwN2pvWGRUCkNTQ0Y5RkppdnpQV2Nmb3JHSTdXbTA5a3A1QUxrM0hVb1djaDU1UkdpM01zNExzZEx5U1EyaFZUVEUyNzVBRmMKdkx0MDhnSHB5eVVTQmdlcE1MdkxYc3dwVjgvQTQxMDdiem9QWnZtR2hod1psWWs1TFdVOUIrWDZrSEpEditHRgpzOUN6WXB2eUVRa1BwUStyemdFQ0F3RUFBYU5DTUVBd0RnWURWUjBQQVFIL0JBUURBZ0trTUE4R0ExVWRFd0VCCi93UUZNQU1CQWY4d0hRWURWUjBPQkJZRUZQTW0yZWtZcktZekoxUWpCVVhtcXhSRG5WNU1NQTBHQ1NxR1NJYjMKRFFFQkN3VUFBNElCQVFCRFYzZzBIbzNjeWFaY1FUVnZGQ0ZTQW1XKzM2OXA2LzQ1bkljUDk2VG9tSmtrT1dPUwpDSytBd1d0VlNlbmpTVHdOWm9EZzVZTkNRbXRGS2RPQ2hTRktENDFrb0lWMGRaelcrdXZ3ci9Kb3RVclV0SjdZCnJJSlE1MlhkWU1ybnFsM1Z6WWE4NEVMNjk2Q1hDd1NIMGNhTWh3MTV0bGlKdUY2cjR0Mk9mSGZKMWo1T0FhTWoKUkp1K1hKZDI3YjhBVzBqQnlveDFScWE0MzFyVWkrZHlpbktyR1RKcE9sT0xTOEhtSDlzSXl0SnZGRzRFdDlIMgpVZWlhMHlzdTFHL0xrWFA5ZUFGcW5sTlZrVnk1OStEem04SGhIaEF6YnQzUHZ4bHhybDgzUTdueEtZY00wdTNHCkN6M01TcWx6WkplaHBZWEtyZVdVcDlaazFZc2c5eStjV0pNSQotLS0tLUVORCBDRVJUSUZJQ0FURS0tLS0tCg==\n    server: https://95a685f9-bf26-4210-add6-fc37cd54d6f5.api.k8s.fr-par.scw.cloud:6443\ncontexts:\n- name: admin@test-cluster\n  context:\n    cluster: \"test-cluster\"\n    user: test-cluster-admin\ncurrent-context: admin@test-cluster\nkind: Config\npreferences: {}\nusers:\n- name: test-cluster-admin\n  user:\n    token: lks78ckqgvix6PQXkFxTgMrrUHuf1rREgXEEBl2iH6su4uPOtZwYd8GI",
                "host": "https://95a685f9-bf26-4210-add6-fc37cd54d6f5.api.k8s.fr-par.scw.cloud:6443",
                "token": "lks78ckqgvix6PQXkFxTgMrrUHuf1rREgXEEBl2iH6su4uPOtZwYd8GI"
              }
            ],
            "name": "test-cluster",
            "open_id_connect_config": [
              {
                "client_id": "",
                "groups_claim": [],
                "groups_prefix": "",
                "issuer_url": "",
                "required_claim": [],
                "username_claim": "",
                "username_prefix": ""
              }
            ],
            "organization_id": "1f0161ec-4cb6-4798-9917-42e495281c80",
            "private_network_id": null,
            "project_id": "6f78d637-c026-480b-983e-948846a06d5f",
            "region": "fr-par",
            "status": "ready",
            "tags": [],
            "timeouts": null,
            "type": "kapsule",
            "updated_at": "2023-04-12T00:37:07Z",
            "upgrade_available": true,
            "version": "1.24.3",
            "wildcard_dns": "*.95a685f9-bf26-4210-add6-fc37cd54d6f5.nodes.k8s.fr-par.scw.cloud"
          },
          "sensitive_attributes": [],
          "private": "eyJlMmJmYjczMC1lY2FhLTExZTYtOGY4OC0zNDM2M2JjN2M0YzAiOnsiY3JlYXRlIjo5MDAwMDAwMDAwMDAsImRlZmF1bHQiOjkwMDAwMDAwMDAwMCwiZGVsZXRlIjo5MDAwMDAwMDAwMDAsInJlYWQiOjkwMDAwMDAwMDAwMCwidXBkYXRlIjo5MDAwMDAwMDAwMDB9fQ=="
        }
      ]
    },
    {
      "mode": "managed",
      "type": "scaleway_k8s_pool",
      "name": "test-pool",
      "provider": "provider[\"registry.terraform.io/scaleway/scaleway\"]",
      "instances": [
        {
          "schema_version": 0,
          "attributes": {
            "autohealing": false,
            "autoscaling": false,
            "cluster_id": "fr-par/95a685f9-bf26-4210-add6-fc37cd54d6f5",
            "container_runtime": "containerd",
            "created_at": "2023-04-12T00:36:17Z",
            "current_size": 1,
            "id": "fr-par/ba3a5cc1-b378-40ea-a050-f71d2b36dbdd",
            "kubelet_args": {},
            "max_size": 1,
            "min_size": 1,
            "name": "hello-world",
            "node_type": "dev1_m",
            "nodes": [
              {
                "name": "scw-test-cluster-hello-world-e436533758c34a09b",
                "public_ip": "51.158.122.152",
                "public_ip_v6": "",
                "status": "ready"
              }
            ],
            "placement_group_id": null,
            "region": null,
            "root_volume_size_in_gb": null,
            "root_volume_type": null,
            "size": 1,
            "status": "ready",
            "tags": [],
            "timeouts": null,
            "updated_at": "2023-04-12T00:41:15Z",
            "upgrade_policy": [
              {
                "max_surge": 0,
                "max_unavailable": 1
              }
            ],
            "version": "1.24.3",
            "wait_for_pool_ready": true,
            "zone": "fr-par-1"
          },
          "sensitive_attributes": [],
          "private": "eyJlMmJmYjczMC1lY2FhLTExZTYtOGY4OC0zNDM2M2JjN2M0YzAiOnsiY3JlYXRlIjo5MDAwMDAwMDAwMDAsImRlZmF1bHQiOjkwMDAwMDAwMDAwMCwiZGVsZXRlIjo5MDAwMDAwMDAwMDAsInJlYWQiOjkwMDAwMDAwMDAwMCwidXBkYXRlIjo5MDAwMDAwMDAwMDB9fQ==",
          "dependencies": [
            "scaleway_k8s_cluster.free-test-cluster"
          ]
        }
      ]
    }
  ],
  "check_results": null
}
